
Microsoft Visual Studio Solution File, Format Version 12.00
# Visual Studio Version 17
VisualStudioVersion = 17.12.35527.113
MinimumVisualStudioVersion = 10.0.40219.1
Project("{FAE04EC0-301F-11D3-BF4B-00C04F79EFBC}") = "Admin Buisness", "Admin Buisness.csproj", "{2BD9CD68-3F0F-4DF0-AAB3-DC20B821B7E4}"
EndProject
Project("{2150E333-8FDC-42A3-9474-1A3956D46DE8}") = "Elementos de la solución", "Elementos de la solución", "{D107F4C8-89CC-BEA8-D3D7-CA6B7733353D}"
	ProjectSection(SolutionItems) = preProject
		..\icons8-menu-50.png = ..\icons8-menu-50.png
		..\music.png = ..\music.png
	EndProjectSection
EndProject
Global
	GlobalSection(SolutionConfigurationPlatforms) = preSolution
		Debug|Any CPU = Debug|Any CPU
		Release|Any CPU = Release|Any CPU
	EndGlobalSection
	GlobalSection(ProjectConfigurationPlatforms) = postSolution
		{2BD9CD68-3F0F-4DF0-AAB3-DC20B821B7E4}.Debug|Any CPU.ActiveCfg = Debug|Any CPU
		{2BD9CD68-3F0F-4DF0-AAB3-DC20B821B7E4}.Debug|Any CPU.Build.0 = Debug|Any CPU
		{2BD9CD68-3F0F-4DF0-AAB3-DC20B821B7E4}.Release|Any CPU.ActiveCfg = Release|Any CPU
		{2BD9CD68-3F0F-4DF0-AAB3-DC20B821B7E4}.Release|Any CPU.Build.0 = Release|Any CPU
	EndGlobalSection
	GlobalSection(SolutionProperties) = preSolution
		HideSolutionNode = FALSE
	EndGlobalSection
	GlobalSection(ExtensibilityGlobals) = postSolution
		SolutionGuid = {F0906BEF-3E12-4C5C-A781-351E5F6C7703}
	EndGlobalSection
EndGlobal
